
Microsoft Visual Studio Solution File, Format Version 12.00
# Visual Studio Version 16
VisualStudioVersion = 16.0.33027.164
MinimumVisualStudioVersion = 10.0.40219.1
Project("{FAE04EC0-301F-11D3-BF4B-00C04F79EFBC}") = "GameProject", "GameProject\GameProject.csproj", "{14F02871-7956-4B5C-BBF0-B23290B3A528}"
EndProject
Global
	GlobalSection(SolutionConfigurationPlatforms) = preSolution
		Debug|Any CPU = Debug|Any CPU
		Release|Any CPU = Release|Any CPU
	EndGlobalSection
	GlobalSection(ProjectConfigurationPlatforms) = postSolution
		{14F02871-7956-4B5C-BBF0-B23290B3A528}.Debug|Any CPU.ActiveCfg = Debug|Any CPU
		{14F02871-7956-4B5C-BBF0-B23290B3A528}.Debug|Any CPU.Build.0 = Debug|Any CPU
		{14F02871-7956-4B5C-BBF0-B23290B3A528}.Release|Any CPU.ActiveCfg = Release|Any CPU
		{14F02871-7956-4B5C-BBF0-B23290B3A528}.Release|Any CPU.Build.0 = Release|Any CPU
	EndGlobalSection
	GlobalSection(SolutionProperties) = preSolution
		HideSolutionNode = FALSE
	EndGlobalSection
	GlobalSection(ExtensibilityGlobals) = postSolution
		SolutionGuid = {162B0C4A-F13B-4463-B91E-F25309AE6543}
	EndGlobalSection
EndGlobal
